{
  "name": "practice-trpc",
  "lockfileVersion": 3,
  "requires": true,
  "packages": {
    "": {
      "dependencies": {
        "@trpc/client": "^11.0.0-rc.819",
        "@trpc/server": "^11.0.0-rc.819"
      }
    },
    "node_modules/@trpc/client": {
      "version": "11.0.0-rc.819",
      "resolved": "https://registry.npmjs.org/@trpc/client/-/client-11.0.0-rc.819.tgz",
      "integrity": "sha512-okJqmsDmn9D+3T73FeE8nER3s9BEn7sg9jk6C2h2Gw+e6uhJCQ5wryIrrDaYgLXyVXf3oPG+jJihlFWlFXH9wg==",
      "funding": [
        "https://trpc.io/sponsor"
      ],
      "license": "MIT",
      "peerDependencies": {
        "@trpc/server": "11.0.0-rc.819+b550ee46a",
        "typescript": ">=5.7.2"
      }
    },
    "node_modules/@trpc/server": {
      "version": "11.0.0-rc.819",
      "resolved": "https://registry.npmjs.org/@trpc/server/-/server-11.0.0-rc.819.tgz",
      "integrity": "sha512-KPkFEdsgXQeJux3bHMA8ahYOnXZBZIDBUeqAtZrQtFoIein/JNQQIuaAlA4UowWYBjEl1+fpWQwLYWCRPhL0OQ==",
      "funding": [
        "https://trpc.io/sponsor"
      ],
      "license": "MIT",
      "peerDependencies": {
        "typescript": ">=5.7.2"
      }
    },
    "node_modules/typescript": {
      "version": "5.8.2",
      "resolved": "https://registry.npmjs.org/typescript/-/typescript-5.8.2.tgz",
      "integrity": "sha512-aJn6wq13/afZp/jT9QZmwEjDqqvSGp1VT5GVg+f/t6/oVyrgXM6BY1h9BRh/O5p3PlUPAe+WuiEZOmb/49RqoQ==",
      "license": "Apache-2.0",
      "peer": true,
      "bin": {
        "tsc": "bin/tsc",
        "tsserver": "bin/tsserver"
      },
      "engines": {
        "node": ">=14.17"
      }
    }
  }
}
